
Microsoft Visual Studio Solution File, Format Version 12.00
# Visual Studio 15
VisualStudioVersion = 15.0.27703.2042
MinimumVisualStudioVersion = 10.0.40219.1
Project("{8BC9CEB8-8B4A-11D0-8D11-00A0C91BC942}") = "Bot_builder", "Bot_builder.vcxproj", "{C5F80730-F44F-4478-BDAE-6634EFC2CA88}"
EndProject
Project("{8BC9CEB8-8B4A-11D0-8D11-00A0C91BC942}") = "SerialMonitor", "..\..\..\..\Documents\Arduino\SerialMonitor\SerialMonitor.vcxproj", "{5D44DBB8-806A-4283-A49A-C71645860930}"
EndProject
Global
	GlobalSection(SolutionConfigurationPlatforms) = preSolution
		Debug|x86 = Debug|x86
		Release|x86 = Release|x86
	EndGlobalSection
	GlobalSection(ProjectConfigurationPlatforms) = postSolution
		{C5F80730-F44F-4478-BDAE-6634EFC2CA88}.Debug|x86.ActiveCfg = Debug|Win32
		{C5F80730-F44F-4478-BDAE-6634EFC2CA88}.Debug|x86.Build.0 = Debug|Win32
		{C5F80730-F44F-4478-BDAE-6634EFC2CA88}.Release|x86.ActiveCfg = Release|Win32
		{C5F80730-F44F-4478-BDAE-6634EFC2CA88}.Release|x86.Build.0 = Release|Win32
		{5D44DBB8-806A-4283-A49A-C71645860930}.Debug|x86.ActiveCfg = Debug|Win32
		{5D44DBB8-806A-4283-A49A-C71645860930}.Debug|x86.Build.0 = Debug|Win32
		{5D44DBB8-806A-4283-A49A-C71645860930}.Release|x86.ActiveCfg = Release|Win32
		{5D44DBB8-806A-4283-A49A-C71645860930}.Release|x86.Build.0 = Release|Win32
	EndGlobalSection
	GlobalSection(SolutionProperties) = preSolution
		HideSolutionNode = FALSE
	EndGlobalSection
	GlobalSection(ExtensibilityGlobals) = postSolution
		SolutionGuid = {CC4AAAE1-F25F-4ED9-AAE6-456A8538FB77}
	EndGlobalSection
EndGlobal
